// !$*UTF8*$!
{
	archiveVersion = 1;
	classes = {
	};
	objectVersion = 77;
	objects = {

/* Begin PBXBuildFile section */
		F769BB5F30330E7F00AA0B29 /* AppDelegate.swift in Sources */ = {isa = PBXBuildFile; fileRef = F769BB5E30330E7F00AA0B29 /* AppDelegate.swift */; };
		F769BB6130330E7F00AA0B29 /* SceneDelegate.swift in Sources */ = {isa = PBXBuildFile; fileRef = F769BB6030330E7F00AA0B29 /* SceneDelegate.swift */; };
		F769BB6430330E7F00AA0B29 /* LaunchScreen.storyboard in Resources */ = {isa = PBXBuildFile; fileRef = F769BB6230330E7F00AA0B29 /* LaunchScreen.storyboard */; };
		F769BB6730330E7F00AA0B29 /* Main.storyboard in Resources */ = {isa = PBXBuildFile; fileRef = F769BB6530330E7F00AA0B29 /* Main.storyboard */; };
		F769BB7030330E7F00AA0B29 /* AppDelegate.swift in Sources */ = {isa = PBXBuildFile; fileRef = F769BB6F30330E7F00AA0B29 /* AppDelegate.swift */; };
		F769BB7330330E7F00AA0B29 /* Main.storyboard in Resources */ = {isa = PBXBuildFile; fileRef = F769BB7130330E7F00AA0B29 /* Main.storyboard */; };
		F769BB7B30330E7F00AA0B29 /* Aproko Live Context Extension.appex in Embed Foundation Extensions */ = {isa = PBXBuildFile; fileRef = F769BB7A30330E7F00AA0B29 /* Aproko Live Context Extension.appex */; settings = {ATTRIBUTES = (RemoveHeadersOnCopy, ); }; };
		F769BB8530330E7F00AA0B29 /* Aproko Live Context Extension.appex in Embed Foundation Extensions */ = {isa = PBXBuildFile; fileRef = F769BB8430330E7F00AA0B29 /* Aproko Live Context Extension.appex */; settings = {ATTRIBUTES = (RemoveHeadersOnCopy, ); }; };
		F769BB8B30330E7F00AA0B29 /* Main.html in Resources */ = {isa = PBXBuildFile; fileRef = F769BB4E30330E7B00AA0B29 /* Main.html */; };
		F769BB8C30330E7F00AA0B29 /* Main.html in Resources */ = {isa = PBXBuildFile; fileRef = F769BB4E30330E7B00AA0B29 /* Main.html */; };
		F769BB8D30330E7F00AA0B29 /* Icon.png in Resources */ = {isa = PBXBuildFile; fileRef = F769BB5030330E7B00AA0B29 /* Icon.png */; };
		F769BB8E30330E7F00AA0B29 /* Icon.png in Resources */ = {isa = PBXBuildFile; fileRef = F769BB5030330E7B00AA0B29 /* Icon.png */; };
		F769BB8F30330E7F00AA0B29 /* Style.css in Resources */ = {isa = PBXBuildFile; fileRef = F769BB5130330E7B00AA0B29 /* Style.css */; };
		F769BB9030330E7F00AA0B29 /* Style.css in Resources */ = {isa = PBXBuildFile; fileRef = F769BB5130330E7B00AA0B29 /* Style.css */; };
		F769BB9130330E7F00AA0B29 /* Script.js in Resources */ = {isa = PBXBuildFile; fileRef = F769BB5230330E7B00AA0B29 /* Script.js */; };
		F769BB9230330E7F00AA0B29 /* Script.js in Resources */ = {isa = PBXBuildFile; fileRef = F769BB5230330E7B00AA0B29 /* Script.js */; };
		F769BB9330330E7F00AA0B29 /* ViewController.swift in Sources */ = {isa = PBXBuildFile; fileRef = F769BB5330330E7B00AA0B29 /* ViewController.swift */; };
		F769BB9430330E7F00AA0B29 /* ViewController.swift in Sources */ = {isa = PBXBuildFile; fileRef = F769BB5330330E7B00AA0B29 /* ViewController.swift */; };
		F769BB9530330E7F00AA0B29 /* Assets.xcassets in Resources */ = {isa = PBXBuildFile; fileRef = F769BB5430330E7F00AA0B29 /* Assets.xcassets */; };
		F769BB9630330E7F00AA0B29 /* Assets.xcassets in Resources */ = {isa = PBXBuildFile; fileRef = F769BB5430330E7F00AA0B29 /* Assets.xcassets */; };
		F769BB9730330E7F00AA0B29 /* SafariWebExtensionHandler.swift in Sources */ = {isa = PBXBuildFile; fileRef = F769BB5630330E7F00AA0B29 /* SafariWebExtensionHandler.swift */; };
		F769BB9830330E7F00AA0B29 /* SafariWebExtensionHandler.swift in Sources */ = {isa = PBXBuildFile; fileRef = F769BB5630330E7F00AA0B29 /* SafariWebExtensionHandler.swift */; };
		F769BBB230330E8000AA0B29 /* sidepanel.js in Resources */ = {isa = PBXBuildFile; fileRef = F769BBAA30330E8000AA0B29 /* sidepanel.js */; };
		F769BBB330330E8000AA0B29 /* background.js in Resources */ = {isa = PBXBuildFile; fileRef = F769BBAB30330E8000AA0B29 /* background.js */; };
		F769BBB430330E8000AA0B29 /* sidepanel.css in Resources */ = {isa = PBXBuildFile; fileRef = F769BBAC30330E8000AA0B29 /* sidepanel.css */; };
		F769BBB530330E8000AA0B29 /* README.md in Resources */ = {isa = PBXBuildFile; fileRef = F769BBAD30330E8000AA0B29 /* README.md */; };
		F769BBB630330E8000AA0B29 /* icons in Resources */ = {isa = PBXBuildFile; fileRef = F769BBAE30330E8000AA0B29 /* icons */; };
		F769BBB730330E8000AA0B29 /* manifest.json in Resources */ = {isa = PBXBuildFile; fileRef = F769BBAF30330E8000AA0B29 /* manifest.json */; };
		F769BBB830330E8000AA0B29 /* content.js in Resources */ = {isa = PBXBuildFile; fileRef = F769BBB030330E8000AA0B29 /* content.js */; };
		F769BBB930330E8000AA0B29 /* sidepanel.html in Resources */ = {isa = PBXBuildFile; fileRef = F769BBB130330E8000AA0B29 /* sidepanel.html */; };
		F769BBBA30330E8000AA0B29 /* sidepanel.js in Resources */ = {isa = PBXBuildFile; fileRef = F769BBAA30330E8000AA0B29 /* sidepanel.js */; };
		F769BBBB30330E8000AA0B29 /* background.js in Resources */ = {isa = PBXBuildFile; fileRef = F769BBAB30330E8000AA0B29 /* background.js */; };
		F769BBBC30330E8000AA0B29 /* sidepanel.css in Resources */ = {isa = PBXBuildFile; fileRef = F769BBAC30330E8000AA0B29 /* sidepanel.css */; };
		F769BBBD30330E8000AA0B29 /* README.md in Resources */ = {isa = PBXBuildFile; fileRef = F769BBAD30330E8000AA0B29 /* README.md */; };
		F769BBBE30330E8000AA0B29 /* icons in Resources */ = {isa = PBXBuildFile; fileRef = F769BBAE30330E8000AA0B29 /* icons */; };
		F769BBBF30330E8000AA0B29 /* manifest.json in Resources */ = {isa = PBXBuildFile; fileRef = F769BBAF30330E8000AA0B29 /* manifest.json */; };
		F769BBC030330E8000AA0B29 /* content.js in Resources */ = {isa = PBXBuildFile; fileRef = F769BBB030330E8000AA0B29 /* content.js */; };
		F769BBC130330E8000AA0B29 /* sidepanel.html in Resources */ = {isa = PBXBuildFile; fileRef = F769BBB130330E8000AA0B29 /* sidepanel.html */; };
/* End PBXBuildFile section */

/* Begin PBXContainerItemProxy section */
		F769BB7C30330E7F00AA0B29 /* PBXContainerItemProxy */ = {
			isa = PBXContainerItemProxy;
			containerPortal = F769BB4830330E7A00AA0B29 /* Project object */;
			proxyType = 1;
			remoteGlobalIDString = F769BB7930330E7F00AA0B29;
			remoteInfo = "Aproko Live Context Extension (iOS)";
		};
		F769BB8630330E7F00AA0B29 /* PBXContainerItemProxy */ = {
			isa = PBXContainerItemProxy;
			containerPortal = F769BB4830330E7A00AA0B29 /* Project object */;
			proxyType = 1;
			remoteGlobalIDString = F769BB8330330E7F00AA0B29;
			remoteInfo = "Aproko Live Context Extension (macOS)";
		};
/* End PBXContainerItemProxy section */

/* Begin PBXCopyFilesBuildPhase section */
		F769BB9E30330E7F00AA0B29 /* Embed Foundation Extensions */ = {
			isa = PBXCopyFilesBuildPhase;
			buildActionMask = 2147483647;
			dstPath = "";
			dstSubfolderSpec = 13;
			files = (
				F769BB7B30330E7F00AA0B29 /* Aproko Live Context Extension.appex in Embed Foundation Extensions */,
			);
			name = "Embed Foundation Extensions";
			runOnlyForDeploymentPostprocessing = 0;
		};
		F769BBA530330E7F00AA0B29 /* Embed Foundation Extensions */ = {
			isa = PBXCopyFilesBuildPhase;
			buildActionMask = 2147483647;
			dstPath = "";
			dstSubfolderSpec = 13;
			files = (
				F769BB8530330E7F00AA0B29 /* Aproko Live Context Extension.appex in Embed Foundation Extensions */,
			);
			name = "Embed Foundation Extensions";
			runOnlyForDeploymentPostprocessing = 0;
		};
/* End PBXCopyFilesBuildPhase section */

/* Begin PBXFileReference section */
		F769BB4F30330E7B00AA0B29 /* Base */ = {isa = PBXFileReference; lastKnownFileType = text.html; name = Base; path = Base.lproj/Main.html; sourceTree = "<group>"; };
		F769BB5030330E7B00AA0B29 /* Icon.png */ = {isa = PBXFileReference; lastKnownFileType = image.png; path = Icon.png; sourceTree = "<group>"; };
		F769BB5130330E7B00AA0B29 /* Style.css */ = {isa = PBXFileReference; lastKnownFileType = text.css; path = Style.css; sourceTree = "<group>"; };
		F769BB5230330E7B00AA0B29 /* Script.js */ = {isa = PBXFileReference; lastKnownFileType = sourcecode.javascript; path = Script.js; sourceTree = "<group>"; };
		F769BB5330330E7B00AA0B29 /* ViewController.swift */ = {isa = PBXFileReference; lastKnownFileType = sourcecode.swift; path = ViewController.swift; sourceTree = "<group>"; };
		F769BB5430330E7F00AA0B29 /* Assets.xcassets */ = {isa = PBXFileReference; lastKnownFileType = folder.assetcatalog; path = Assets.xcassets; sourceTree = "<group>"; };
		F769BB5630330E7F00AA0B29 /* SafariWebExtensionHandler.swift */ = {isa = PBXFileReference; lastKnownFileType = sourcecode.swift; path = SafariWebExtensionHandler.swift; sourceTree = "<group>"; };
		F769BB5B30330E7F00AA0B29 /* Aproko Live Context.app */ = {isa = PBXFileReference; explicitFileType = wrapper.application; includeInIndex = 0; path = "Aproko Live Context.app"; sourceTree = BUILT_PRODUCTS_DIR; };
		F769BB5E30330E7F00AA0B29 /* AppDelegate.swift */ = {isa = PBXFileReference; lastKnownFileType = sourcecode.swift; path = AppDelegate.swift; sourceTree = "<group>"; };
		F769BB6030330E7F00AA0B29 /* SceneDelegate.swift */ = {isa = PBXFileReference; lastKnownFileType = sourcecode.swift; path = SceneDelegate.swift; sourceTree = "<group>"; };
		F769BB6330330E7F00AA0B29 /* Base */ = {isa = PBXFileReference; lastKnownFileType = file.storyboard; name = Base; path = Base.lproj/LaunchScreen.storyboard; sourceTree = "<group>"; };
		F769BB6630330E7F00AA0B29 /* Base */ = {isa = PBXFileReference; lastKnownFileType = file.storyboard; name = Base; path = Base.lproj/Main.storyboard; sourceTree = "<group>"; };
		F769BB6830330E7F00AA0B29 /* Info.plist */ = {isa = PBXFileReference; lastKnownFileType = text.plist.xml; path = Info.plist; sourceTree = "<group>"; };
		F769BB6D30330E7F00AA0B29 /* Aproko Live Context.app */ = {isa = PBXFileReference; explicitFileType = wrapper.application; includeInIndex = 0; path = "Aproko Live Context.app"; sourceTree = BUILT_PRODUCTS_DIR; };
		F769BB6F30330E7F00AA0B29 /* AppDelegate.swift */ = {isa = PBXFileReference; lastKnownFileType = sourcecode.swift; path = AppDelegate.swift; sourceTree = "<group>"; };
		F769BB7230330E7F00AA0B29 /* Base */ = {isa = PBXFileReference; lastKnownFileType = file.storyboard; name = Base; path = Base.lproj/Main.storyboard; sourceTree = "<group>"; };
		F769BB7430330E7F00AA0B29 /* Info.plist */ = {isa = PBXFileReference; lastKnownFileType = text.plist.xml; path = Info.plist; sourceTree = "<group>"; };
		F769BB7530330E7F00AA0B29 /* Aproko Live Context.entitlements */ = {isa = PBXFileReference; lastKnownFileType = text.plist.entitlements; path = "Aproko Live Context.entitlements"; sourceTree = "<group>"; };
		F769BB7A30330E7F00AA0B29 /* Aproko Live Context Extension.appex */ = {isa = PBXFileReference; explicitFileType = "wrapper.app-extension"; includeInIndex = 0; path = "Aproko Live Context Extension.appex"; sourceTree = BUILT_PRODUCTS_DIR; };
		F769BB7F30330E7F00AA0B29 /* Info.plist */ = {isa = PBXFileReference; lastKnownFileType = text.plist.xml; path = Info.plist; sourceTree = "<group>"; };
		F769BB8430330E7F00AA0B29 /* Aproko Live Context Extension.appex */ = {isa = PBXFileReference; explicitFileType = "wrapper.app-extension"; includeInIndex = 0; path = "Aproko Live Context Extension.appex"; sourceTree = BUILT_PRODUCTS_DIR; };
		F769BB8930330E7F00AA0B29 /* Info.plist */ = {isa = PBXFileReference; lastKnownFileType = text.plist.xml; path = Info.plist; sourceTree = "<group>"; };
		F769BB8A30330E7F00AA0B29 /* Aproko Live Context.entitlements */ = {isa = PBXFileReference; lastKnownFileType = text.plist.entitlements; path = "Aproko Live Context.entitlements"; sourceTree = "<group>"; };
		F769BBAA30330E8000AA0B29 /* sidepanel.js */ = {isa = PBXFileReference; lastKnownFileType = sourcecode.javascript; name = sidepanel.js; path = ../../../safari/sidepanel.js; sourceTree = "<group>"; };
		F769BBAB30330E8000AA0B29 /* background.js */ = {isa = PBXFileReference; lastKnownFileType = sourcecode.javascript; name = background.js; path = ../../../safari/background.js; sourceTree = "<group>"; };
		F769BBAC30330E8000AA0B29 /* sidepanel.css */ = {isa = PBXFileReference; lastKnownFileType = text.css; name = sidepanel.css; path = ../../../safari/sidepanel.css; sourceTree = "<group>"; };
		F769BBAD30330E8000AA0B29 /* README.md */ = {isa = PBXFileReference; lastKnownFileType = net.daringfireball.markdown; name = README.md; path = ../../../safari/README.md; sourceTree = "<group>"; };
		F769BBAE30330E8000AA0B29 /* icons */ = {isa = PBXFileReference; lastKnownFileType = folder; name = icons; path = ../../../safari/icons; sourceTree = "<group>"; };
		F769BBAF30330E8000AA0B29 /* manifest.json */ = {isa = PBXFileReference; lastKnownFileType = text.json; name = manifest.json; path = ../../../safari/manifest.json; sourceTree = "<group>"; };
		F769BBB030330E8000AA0B29 /* content.js */ = {isa = PBXFileReference; lastKnownFileType = sourcecode.javascript; name = content.js; path = ../../../safari/content.js; sourceTree = "<group>"; };
		F769BBB130330E8000AA0B29 /* sidepanel.html */ = {isa = PBXFileReference; lastKnownFileType = text.html; name = sidepanel.html; path = ../../../safari/sidepanel.html; sourceTree = "<group>"; };
/* End PBXFileReference section */

/* Begin PBXFrameworksBuildPhase section */
		F769BB5830330E7F00AA0B29 /* Frameworks */ = {
			isa = PBXFrameworksBuildPhase;
			buildActionMask = 2147483647;
			files = (
			);
			runOnlyForDeploymentPostprocessing = 0;
		};
		F769BB6A30330E7F00AA0B29 /* Frameworks */ = {
			isa = PBXFrameworksBuildPhase;
			buildActionMask = 2147483647;
			files = (
			);
			runOnlyForDeploymentPostprocessing = 0;
		};
		F769BB7730330E7F00AA0B29 /* Frameworks */ = {
			isa = PBXFrameworksBuildPhase;
			buildActionMask = 2147483647;
			files = (
			);
			runOnlyForDeploymentPostprocessing = 0;
		};
		F769BB8130330E7F00AA0B29 /* Frameworks */ = {
			isa = PBXFrameworksBuildPhase;
			buildActionMask = 2147483647;
			files = (
			);
			runOnlyForDeploymentPostprocessing = 0;
		};
/* End PBXFrameworksBuildPhase section */

/* Begin PBXGroup section */
		F769BB4730330E7A00AA0B29 = {
			isa = PBXGroup;
			children = (
				F769BB4C30330E7B00AA0B29 /* Shared (App) */,
				F769BB5530330E7F00AA0B29 /* Shared (Extension) */,
				F769BB5D30330E7F00AA0B29 /* iOS (App) */,
				F769BB6E30330E7F00AA0B29 /* macOS (App) */,
				F769BB7E30330E7F00AA0B29 /* iOS (Extension) */,
				F769BB8830330E7F00AA0B29 /* macOS (Extension) */,
				F769BB5C30330E7F00AA0B29 /* Products */,
			);
			sourceTree = "<group>";
		};
		F769BB4C30330E7B00AA0B29 /* Shared (App) */ = {
			isa = PBXGroup;
			children = (
				F769BB5330330E7B00AA0B29 /* ViewController.swift */,
				F769BB5430330E7F00AA0B29 /* Assets.xcassets */,
				F769BB4D30330E7B00AA0B29 /* Resources */,
			);
			path = "Shared (App)";
			sourceTree = "<group>";
		};
		F769BB4D30330E7B00AA0B29 /* Resources */ = {
			isa = PBXGroup;
			children = (
				F769BB4E30330E7B00AA0B29 /* Main.html */,
				F769BB5030330E7B00AA0B29 /* Icon.png */,
				F769BB5130330E7B00AA0B29 /* Style.css */,
				F769BB5230330E7B00AA0B29 /* Script.js */,
			);
			path = Resources;
			sourceTree = "<group>";
		};
		F769BB5530330E7F00AA0B29 /* Shared (Extension) */ = {
			isa = PBXGroup;
			children = (
				F769BBA930330E8000AA0B29 /* Resources */,
				F769BB5630330E7F00AA0B29 /* SafariWebExtensionHandler.swift */,
			);
			path = "Shared (Extension)";
			sourceTree = "<group>";
		};
		F769BB5C30330E7F00AA0B29 /* Products */ = {
			isa = PBXGroup;
			children = (
				F769BB5B30330E7F00AA0B29 /* Aproko Live Context.app */,
				F769BB6D30330E7F00AA0B29 /* Aproko Live Context.app */,
				F769BB7A30330E7F00AA0B29 /* Aproko Live Context Extension.appex */,
				F769BB8430330E7F00AA0B29 /* Aproko Live Context Extension.appex */,
			);
			name = Products;
			sourceTree = "<group>";
		};
		F769BB5D30330E7F00AA0B29 /* iOS (App) */ = {
			isa = PBXGroup;
			children = (
				F769BB5E30330E7F00AA0B29 /* AppDelegate.swift */,
				F769BB6030330E7F00AA0B29 /* SceneDelegate.swift */,
				F769BB6230330E7F00AA0B29 /* LaunchScreen.storyboard */,
				F769BB6530330E7F00AA0B29 /* Main.storyboard */,
				F769BB6830330E7F00AA0B29 /* Info.plist */,
			);
			path = "iOS (App)";
			sourceTree = "<group>";
		};
		F769BB6E30330E7F00AA0B29 /* macOS (App) */ = {
			isa = PBXGroup;
			children = (
				F769BB6F30330E7F00AA0B29 /* AppDelegate.swift */,
				F769BB7130330E7F00AA0B29 /* Main.storyboard */,
				F769BB7430330E7F00AA0B29 /* Info.plist */,
				F769BB7530330E7F00AA0B29 /* Aproko Live Context.entitlements */,
			);
			path = "macOS (App)";
			sourceTree = "<group>";
		};
		F769BB7E30330E7F00AA0B29 /* iOS (Extension) */ = {
			isa = PBXGroup;
			children = (
				F769BB7F30330E7F00AA0B29 /* Info.plist */,
			);
			path = "iOS (Extension)";
			sourceTree = "<group>";
		};
		F769BB8830330E7F00AA0B29 /* macOS (Extension) */ = {
			isa = PBXGroup;
			children = (
				F769BB8930330E7F00AA0B29 /* Info.plist */,
				F769BB8A30330E7F00AA0B29 /* Aproko Live Context.entitlements */,
			);
			path = "macOS (Extension)";
			sourceTree = "<group>";
		};
		F769BBA930330E8000AA0B29 /* Resources */ = {
			isa = PBXGroup;
			children = (
				F769BBAA30330E8000AA0B29 /* sidepanel.js */,
				F769BBAB30330E8000AA0B29 /* background.js */,
				F769BBAC30330E8000AA0B29 /* sidepanel.css */,
				F769BBAD30330E8000AA0B29 /* README.md */,
				F769BBAE30330E8000AA0B29 /* icons */,
				F769BBAF30330E8000AA0B29 /* manifest.json */,
				F769BBB030330E8000AA0B29 /* content.js */,
				F769BBB130330E8000AA0B29 /* sidepanel.html */,
			);
			name = Resources;
			path = "Shared (Extension)";
			sourceTree = SOURCE_ROOT;
		};
/* End PBXGroup section */

/* Begin PBXNativeTarget section */
		F769BB5A30330E7F00AA0B29 /* Aproko Live Context (iOS) */ = {
			isa = PBXNativeTarget;
			buildConfigurationList = F769BB9F30330E7F00AA0B29 /* Build configuration list for PBXNativeTarget "Aproko Live Context (iOS)" */;
			buildPhases = (
				F769BB5730330E7F00AA0B29 /* Sources */,
				F769BB5830330E7F00AA0B29 /* Frameworks */,
				F769BB5930330E7F00AA0B29 /* Resources */,
				F769BB9E30330E7F00AA0B29 /* Embed Foundation Extensions */,
			);
			buildRules = (
			);
			dependencies = (
				F769BB7D30330E7F00AA0B29 /* PBXTargetDependency */,
			);
			name = "Aproko Live Context (iOS)";
			packageProductDependencies = (
			);
			productName = "Aproko Live Context (iOS)";
			productReference = F769BB5B30330E7F00AA0B29 /* Aproko Live Context.app */;
			productType = "com.apple.product-type.application";
		};
		F769BB6C30330E7F00AA0B29 /* Aproko Live Context (macOS) */ = {
			isa = PBXNativeTarget;
			buildConfigurationList = F769BBA630330E7F00AA0B29 /* Build configuration list for PBXNativeTarget "Aproko Live Context (macOS)" */;
			buildPhases = (
				F769BB6930330E7F00AA0B29 /* Sources */,
				F769BB6A30330E7F00AA0B29 /* Frameworks */,
				F769BB6B30330E7F00AA0B29 /* Resources */,
				F769BBA530330E7F00AA0B29 /* Embed Foundation Extensions */,
			);
			buildRules = (
			);
			dependencies = (
				F769BB8730330E7F00AA0B29 /* PBXTargetDependency */,
			);
			name = "Aproko Live Context (macOS)";
			packageProductDependencies = (
			);
			productName = "Aproko Live Context (macOS)";
			productReference = F769BB6D30330E7F00AA0B29 /* Aproko Live Context.app */;
			productType = "com.apple.product-type.application";
		};
		F769BB7930330E7F00AA0B29 /* Aproko Live Context Extension (iOS) */ = {
			isa = PBXNativeTarget;
			buildConfigurationList = F769BB9B30330E7F00AA0B29 /* Build configuration list for PBXNativeTarget "Aproko Live Context Extension (iOS)" */;
			buildPhases = (
				F769BB7630330E7F00AA0B29 /* Sources */,
				F769BB7730330E7F00AA0B29 /* Frameworks */,
				F769BB7830330E7F00AA0B29 /* Resources */,
			);
			buildRules = (
			);
			dependencies = (
			);
			name = "Aproko Live Context Extension (iOS)";
			packageProductDependencies = (
			);
			productName = "Aproko Live Context Extension (iOS)";
			productReference = F769BB7A30330E7F00AA0B29 /* Aproko Live Context Extension.appex */;
			productType = "com.apple.product-type.app-extension";
		};
		F769BB8330330E7F00AA0B29 /* Aproko Live Context Extension (macOS) */ = {
			isa = PBXNativeTarget;
			buildConfigurationList = F769BBA230330E7F00AA0B29 /* Build configuration list for PBXNativeTarget "Aproko Live Context Extension (macOS)" */;
			buildPhases = (
				F769BB8030330E7F00AA0B29 /* Sources */,
				F769BB8130330E7F00AA0B29 /* Frameworks */,
				F769BB8230330E7F00AA0B29 /* Resources */,
			);
			buildRules = (
			);
			dependencies = (
			);
			name = "Aproko Live Context Extension (macOS)";
			packageProductDependencies = (
			);
			productName = "Aproko Live Context Extension (macOS)";
			productReference = F769BB8430330E7F00AA0B29 /* Aproko Live Context Extension.appex */;
			productType = "com.apple.product-type.app-extension";
		};
/* End PBXNativeTarget section */

/* Begin PBXProject section */
		F769BB4830330E7A00AA0B29 /* Project object */ = {
			isa = PBXProject;
			attributes = {
				BuildIndependentTargetsInParallel = 1;
				LastSwiftUpdateCheck = 1620;
				LastUpgradeCheck = 1620;
				TargetAttributes = {
					F769BB5A30330E7F00AA0B29 = {
						CreatedOnToolsVersion = 16.2;
					};
					F769BB6C30330E7F00AA0B29 = {
						CreatedOnToolsVersion = 16.2;
					};
					F769BB7930330E7F00AA0B29 = {
						CreatedOnToolsVersion = 16.2;
					};
					F769BB8330330E7F00AA0B29 = {
						CreatedOnToolsVersion = 16.2;
					};
				};
			};
			buildConfigurationList = F769BB4B30330E7A00AA0B29 /* Build configuration list for PBXProject "Aproko Live Context" */;
			developmentRegion = en;
			hasScannedForEncodings = 0;
			knownRegions = (
				en,
				Base,
			);
			mainGroup = F769BB4730330E7A00AA0B29;
			minimizedProjectReferenceProxies = 1;
			preferredProjectObjectVersion = 77;
			productRefGroup = F769BB5C30330E7F00AA0B29 /* Products */;
			projectDirPath = "";
			projectRoot = "";
			targets = (
				F769BB5A30330E7F00AA0B29 /* Aproko Live Context (iOS) */,
				F769BB6C30330E7F00AA0B29 /* Aproko Live Context (macOS) */,
				F769BB7930330E7F00AA0B29 /* Aproko Live Context Extension (iOS) */,
				F769BB8330330E7F00AA0B29 /* Aproko Live Context Extension (macOS) */,
			);
		};
/* End PBXProject section */

/* Begin PBXResourcesBuildPhase section */
		F769BB5930330E7F00AA0B29 /* Resources */ = {
			isa = PBXResourcesBuildPhase;
			buildActionMask = 2147483647;
			files = (
				F769BB8D30330E7F00AA0B29 /* Icon.png in Resources */,
				F769BB6430330E7F00AA0B29 /* LaunchScreen.storyboard in Resources */,
				F769BB8B30330E7F00AA0B29 /* Main.html in Resources */,
				F769BB9130330E7F00AA0B29 /* Script.js in Resources */,
				F769BB9530330E7F00AA0B29 /* Assets.xcassets in Resources */,
				F769BB6730330E7F00AA0B29 /* Main.storyboard in Resources */,
				F769BB8F30330E7F00AA0B29 /* Style.css in Resources */,
			);
			runOnlyForDeploymentPostprocessing = 0;
		};
		F769BB6B30330E7F00AA0B29 /* Resources */ = {
			isa = PBXResourcesBuildPhase;
			buildActionMask = 2147483647;
			files = (
				F769BB8E30330E7F00AA0B29 /* Icon.png in Resources */,
				F769BB9030330E7F00AA0B29 /* Style.css in Resources */,
				F769BB7330330E7F00AA0B29 /* Main.storyboard in Resources */,
				F769BB9230330E7F00AA0B29 /* Script.js in Resources */,
				F769BB9630330E7F00AA0B29 /* Assets.xcassets in Resources */,
				F769BB8C30330E7F00AA0B29 /* Main.html in Resources */,
			);
			runOnlyForDeploymentPostprocessing = 0;
		};
		F769BB7830330E7F00AA0B29 /* Resources */ = {
			isa = PBXResourcesBuildPhase;
			buildActionMask = 2147483647;
			files = (
				F769BBBB30330E8000AA0B29 /* background.js in Resources */,
				F769BBBC30330E8000AA0B29 /* sidepanel.css in Resources */,
				F769BBBD30330E8000AA0B29 /* README.md in Resources */,
				F769BBBE30330E8000AA0B29 /* icons in Resources */,
				F769BBBF30330E8000AA0B29 /* manifest.json in Resources */,
				F769BBC030330E8000AA0B29 /* content.js in Resources */,
				F769BBC130330E8000AA0B29 /* sidepanel.html in Resources */,
				F769BBBA30330E8000AA0B29 /* sidepanel.js in Resources */,
			);
			runOnlyForDeploymentPostprocessing = 0;
		};
		F769BB8230330E7F00AA0B29 /* Resources */ = {
			isa = PBXResourcesBuildPhase;
			buildActionMask = 2147483647;
			files = (
				F769BBB330330E8000AA0B29 /* background.js in Resources */,
				F769BBB430330E8000AA0B29 /* sidepanel.css in Resources */,
				F769BBB530330E8000AA0B29 /* README.md in Resources */,
				F769BBB630330E8000AA0B29 /* icons in Resources */,
				F769BBB730330E8000AA0B29 /* manifest.json in Resources */,
				F769BBB830330E8000AA0B29 /* content.js in Resources */,
				F769BBB930330E8000AA0B29 /* sidepanel.html in Resources */,
				F769BBB230330E8000AA0B29 /* sidepanel.js in Resources */,
			);
			runOnlyForDeploymentPostprocessing = 0;
		};
/* End PBXResourcesBuildPhase section */

/* Begin PBXSourcesBuildPhase section */
		F769BB5730330E7F00AA0B29 /* Sources */ = {
			isa = PBXSourcesBuildPhase;
			buildActionMask = 2147483647;
			files = (
				F769BB9330330E7F00AA0B29 /* ViewController.swift in Sources */,
				F769BB5F30330E7F00AA0B29 /* AppDelegate.swift in Sources */,
				F769BB6130330E7F00AA0B29 /* SceneDelegate.swift in Sources */,
			);
			runOnlyForDeploymentPostprocessing = 0;
		};
		F769BB6930330E7F00AA0B29 /* Sources */ = {
			isa = PBXSourcesBuildPhase;
			buildActionMask = 2147483647;
			files = (
				F769BB9430330E7F00AA0B29 /* ViewController.swift in Sources */,
				F769BB7030330E7F00AA0B29 /* AppDelegate.swift in Sources */,
			);
			runOnlyForDeploymentPostprocessing = 0;
		};
		F769BB7630330E7F00AA0B29 /* Sources */ = {
			isa = PBXSourcesBuildPhase;
			buildActionMask = 2147483647;
			files = (
				F769BB9730330E7F00AA0B29 /* SafariWebExtensionHandler.swift in Sources */,
			);
			runOnlyForDeploymentPostprocessing = 0;
		};
		F769BB8030330E7F00AA0B29 /* Sources */ = {
			isa = PBXSourcesBuildPhase;
			buildActionMask = 2147483647;
			files = (
				F769BB9830330E7F00AA0B29 /* SafariWebExtensionHandler.swift in Sources */,
			);
			runOnlyForDeploymentPostprocessing = 0;
		};
/* End PBXSourcesBuildPhase section */

/* Begin PBXTargetDependency section */
		F769BB7D30330E7F00AA0B29 /* PBXTargetDependency */ = {
			isa = PBXTargetDependency;
			target = F769BB7930330E7F00AA0B29 /* Aproko Live Context Extension (iOS) */;
			targetProxy = F769BB7C30330E7F00AA0B29 /* PBXContainerItemProxy */;
		};
		F769BB8730330E7F00AA0B29 /* PBXTargetDependency */ = {
			isa = PBXTargetDependency;
			target = F769BB8330330E7F00AA0B29 /* Aproko Live Context Extension (macOS) */;
			targetProxy = F769BB8630330E7F00AA0B29 /* PBXContainerItemProxy */;
		};
/* End PBXTargetDependency section */

/* Begin PBXVariantGroup section */
		F769BB4E30330E7B00AA0B29 /* Main.html */ = {
			isa = PBXVariantGroup;
			children = (
				F769BB4F30330E7B00AA0B29 /* Base */,
			);
			name = Main.html;
			sourceTree = "<group>";
		};
		F769BB6230330E7F00AA0B29 /* LaunchScreen.storyboard */ = {
			isa = PBXVariantGroup;
			children = (
				F769BB6330330E7F00AA0B29 /* Base */,
			);
			name = LaunchScreen.storyboard;
			sourceTree = "<group>";
		};
		F769BB6530330E7F00AA0B29 /* Main.storyboard */ = {
			isa = PBXVariantGroup;
			children = (
				F769BB6630330E7F00AA0B29 /* Base */,
			);
			name = Main.storyboard;
			sourceTree = "<group>";
		};
		F769BB7130330E7F00AA0B29 /* Main.storyboard */ = {
			isa = PBXVariantGroup;
			children = (
				F769BB7230330E7F00AA0B29 /* Base */,
			);
			name = Main.storyboard;
			sourceTree = "<group>";
		};
/* End PBXVariantGroup section */

/* Begin XCBuildConfiguration section */
		F769BB9930330E7F00AA0B29 /* Debug */ = {
			isa = XCBuildConfiguration;
			buildSettings = {
				ALWAYS_SEARCH_USER_PATHS = NO;
				ASSETCATALOG_COMPILER_GENERATE_SWIFT_ASSET_SYMBOL_EXTENSIONS = YES;
				CLANG_ANALYZER_NONNULL = YES;
				CLANG_ANALYZER_NUMBER_OBJECT_CONVERSION = YES_AGGRESSIVE;
				CLANG_CXX_LANGUAGE_STANDARD = "gnu++20";
				CLANG_ENABLE_MODULES = YES;
				CLANG_ENABLE_OBJC_ARC = YES;
				CLANG_ENABLE_OBJC_WEAK = YES;
				CLANG_WARN_BLOCK_CAPTURE_AUTORELEASING = YES;
				CLANG_WARN_BOOL_CONVERSION = YES;
				CLANG_WARN_COMMA = YES;
				CLANG_WARN_CONSTANT_CONVERSION = YES;
				CLANG_WARN_DEPRECATED_OBJC_IMPLEMENTATIONS = YES;
				CLANG_WARN_DIRECT_OBJC_ISA_USAGE = YES_ERROR;
				CLANG_WARN_DOCUMENTATION_COMMENTS = YES;
				CLANG_WARN_EMPTY_BODY = YES;
				CLANG_WARN_ENUM_CONVERSION = YES;
				CLANG_WARN_INFINITE_RECURSION = YES;
				CLANG_WARN_INT_CONVERSION = YES;
				CLANG_WARN_NON_LITERAL_NULL_CONVERSION = YES;
				CLANG_WARN_OBJC_IMPLICIT_RETAIN_SELF = YES;
				CLANG_WARN_OBJC_LITERAL_CONVERSION = YES;
				CLANG_WARN_OBJC_ROOT_CLASS = YES_ERROR;
				CLANG_WARN_QUOTED_INCLUDE_IN_FRAMEWORK_HEADER = YES;
				CLANG_WARN_RANGE_LOOP_ANALYSIS = YES;
				CLANG_WARN_STRICT_PROTOTYPES = YES;
				CLANG_WARN_SUSPICIOUS_MOVE = YES;
				CLANG_WARN_UNGUARDED_AVAILABILITY = YES_AGGRESSIVE;
				CLANG_WARN_UNREACHABLE_CODE = YES;
				CLANG_WARN__DUPLICATE_METHOD_MATCH = YES;
				COPY_PHASE_STRIP = NO;
				DEBUG_INFORMATION_FORMAT = dwarf;
				ENABLE_STRICT_OBJC_MSGSEND = YES;
				ENABLE_TESTABILITY = YES;
				ENABLE_USER_SCRIPT_SANDBOXING = YES;
				GCC_C_LANGUAGE_STANDARD = gnu17;
				GCC_DYNAMIC_NO_PIC = NO;
				GCC_NO_COMMON_BLOCKS = YES;
				GCC_OPTIMIZATION_LEVEL = 0;
				GCC_PREPROCESSOR_DEFINITIONS = (
					"DEBUG=1",
					"$(inherited)",
				);
				GCC_WARN_64_TO_32_BIT_CONVERSION = YES;
				GCC_WARN_ABOUT_RETURN_TYPE = YES_ERROR;
				GCC_WARN_UNDECLARED_SELECTOR = YES;
				GCC_WARN_UNINITIALIZED_AUTOS = YES_AGGRESSIVE;
				GCC_WARN_UNUSED_FUNCTION = YES;
				GCC_WARN_UNUSED_VARIABLE = YES;
				LOCALIZATION_PREFERS_STRING_CATALOGS = YES;
				MTL_ENABLE_DEBUG_INFO = INCLUDE_SOURCE;
				MTL_FAST_MATH = YES;
				ONLY_ACTIVE_ARCH = YES;
				SWIFT_ACTIVE_COMPILATION_CONDITIONS = "DEBUG $(inherited)";
				SWIFT_OPTIMIZATION_LEVEL = "-Onone";
			};
			name = Debug;
		};
		F769BB9A30330E7F00AA0B29 /* Release */ = {
			isa = XCBuildConfiguration;
			buildSettings = {
				ALWAYS_SEARCH_USER_PATHS = NO;
				ASSETCATALOG_COMPILER_GENERATE_SWIFT_ASSET_SYMBOL_EXTENSIONS = YES;
				CLANG_ANALYZER_NONNULL = YES;
				CLANG_ANALYZER_NUMBER_OBJECT_CONVERSION = YES_AGGRESSIVE;
				CLANG_CXX_LANGUAGE_STANDARD = "gnu++20";
				CLANG_ENABLE_MODULES = YES;
				CLANG_ENABLE_OBJC_ARC = YES;
				CLANG_ENABLE_OBJC_WEAK = YES;
				CLANG_WARN_BLOCK_CAPTURE_AUTORELEASING = YES;
				CLANG_WARN_BOOL_CONVERSION = YES;
				CLANG_WARN_COMMA = YES;
				CLANG_WARN_CONSTANT_CONVERSION = YES;
				CLANG_WARN_DEPRECATED_OBJC_IMPLEMENTATIONS = YES;
				CLANG_WARN_DIRECT_OBJC_ISA_USAGE = YES_ERROR;
				CLANG_WARN_DOCUMENTATION_COMMENTS = YES;
				CLANG_WARN_EMPTY_BODY = YES;
				CLANG_WARN_ENUM_CONVERSION = YES;
				CLANG_WARN_INFINITE_RECURSION = YES;
				CLANG_WARN_INT_CONVERSION = YES;
				CLANG_WARN_NON_LITERAL_NULL_CONVERSION = YES;
				CLANG_WARN_OBJC_IMPLICIT_RETAIN_SELF = YES;
				CLANG_WARN_OBJC_LITERAL_CONVERSION = YES;
				CLANG_WARN_OBJC_ROOT_CLASS = YES_ERROR;
				CLANG_WARN_QUOTED_INCLUDE_IN_FRAMEWORK_HEADER = YES;
				CLANG_WARN_RANGE_LOOP_ANALYSIS = YES;
				CLANG_WARN_STRICT_PROTOTYPES = YES;
				CLANG_WARN_SUSPICIOUS_MOVE = YES;
				CLANG_WARN_UNGUARDED_AVAILABILITY = YES_AGGRESSIVE;
				CLANG_WARN_UNREACHABLE_CODE = YES;
				CLANG_WARN__DUPLICATE_METHOD_MATCH = YES;
				COPY_PHASE_STRIP = NO;
				DEBUG_INFORMATION_FORMAT = "dwarf-with-dsym";
				ENABLE_NS_ASSERTIONS = NO;
				ENABLE_STRICT_OBJC_MSGSEND = YES;
				ENABLE_USER_SCRIPT_SANDBOXING = YES;
				GCC_C_LANGUAGE_STANDARD = gnu17;
				GCC_NO_COMMON_BLOCKS = YES;
				GCC_WARN_64_TO_32_BIT_CONVERSION = YES;
				GCC_WARN_ABOUT_RETURN_TYPE = YES_ERROR;
				GCC_WARN_UNDECLARED_SELECTOR = YES;
				GCC_WARN_UNINITIALIZED_AUTOS = YES_AGGRESSIVE;
				GCC_WARN_UNUSED_FUNCTION = YES;
				GCC_WARN_UNUSED_VARIABLE = YES;
				LOCALIZATION_PREFERS_STRING_CATALOGS = YES;
				MTL_ENABLE_DEBUG_INFO = NO;
				MTL_FAST_MATH = YES;
				SWIFT_COMPILATION_MODE = wholemodule;
			};
			name = Release;
		};
		F769BB9C30330E7F00AA0B29 /* Debug */ = {
			isa = XCBuildConfiguration;
			buildSettings = {
				CODE_SIGN_STYLE = Automatic;
				CURRENT_PROJECT_VERSION = 1;
				GENERATE_INFOPLIST_FILE = YES;
				INFOPLIST_FILE = "iOS (Extension)/Info.plist";
				INFOPLIST_KEY_CFBundleDisplayName = "Aproko Live Context Extension";
				INFOPLIST_KEY_NSHumanReadableCopyright = "";
				IPHONEOS_DEPLOYMENT_TARGET = 15.0;
				LD_RUNPATH_SEARCH_PATHS = (
					"$(inherited)",
					"@executable_path/Frameworks",
					"@executable_path/../../Frameworks",
				);
				MARKETING_VERSION = 1.0;
				OTHER_LDFLAGS = (
					"-framework",
					SafariServices,
				);
				PRODUCT_BUNDLE_IDENTIFIER = "ai.aproko.livecontext.Aproko-Live-Context.Extension";
				PRODUCT_NAME = "Aproko Live Context Extension";
				SDKROOT = iphoneos;
				SKIP_INSTALL = YES;
				SWIFT_EMIT_LOC_STRINGS = YES;
				SWIFT_VERSION = 5.0;
				TARGETED_DEVICE_FAMILY = "1,2";
			};
			name = Debug;
		};
		F769BB9D30330E7F00AA0B29 /* Release */ = {
			isa = XCBuildConfiguration;
			buildSettings = {
				CODE_SIGN_STYLE = Automatic;
				CURRENT_PROJECT_VERSION = 1;
				GENERATE_INFOPLIST_FILE = YES;
				INFOPLIST_FILE = "iOS (Extension)/Info.plist";
				INFOPLIST_KEY_CFBundleDisplayName = "Aproko Live Context Extension";
				INFOPLIST_KEY_NSHumanReadableCopyright = "";
				IPHONEOS_DEPLOYMENT_TARGET = 15.0;
				LD_RUNPATH_SEARCH_PATHS = (
					"$(inherited)",
					"@executable_path/Frameworks",
					"@executable_path/../../Frameworks",
				);
				MARKETING_VERSION = 1.0;
				OTHER_LDFLAGS = (
					"-framework",
					SafariServices,
				);
				PRODUCT_BUNDLE_IDENTIFIER = "ai.aproko.livecontext.Aproko-Live-Context.Extension";
				PRODUCT_NAME = "Aproko Live Context Extension";
				SDKROOT = iphoneos;
				SKIP_INSTALL = YES;
				SWIFT_EMIT_LOC_STRINGS = YES;
				SWIFT_VERSION = 5.0;
				TARGETED_DEVICE_FAMILY = "1,2";
				VALIDATE_PRODUCT = YES;
			};
			name = Release;
		};
		F769BBA030330E7F00AA0B29 /* Debug */ = {
			isa = XCBuildConfiguration;
			buildSettings = {
				ASSETCATALOG_COMPILER_APPICON_NAME = AppIcon;
				ASSETCATALOG_COMPILER_GLOBAL_ACCENT_COLOR_NAME = AccentColor;
				CODE_SIGN_STYLE = Automatic;
				CURRENT_PROJECT_VERSION = 1;
				GENERATE_INFOPLIST_FILE = YES;
				INFOPLIST_FILE = "iOS (App)/Info.plist";
				INFOPLIST_KEY_CFBundleDisplayName = "Aproko Live Context";
				INFOPLIST_KEY_UIApplicationSupportsIndirectInputEvents = YES;
				INFOPLIST_KEY_UILaunchStoryboardName = LaunchScreen;
				INFOPLIST_KEY_UIMainStoryboardFile = Main;
				INFOPLIST_KEY_UISupportedInterfaceOrientations = "UIInterfaceOrientationPortrait UIInterfaceOrientationLandscapeLeft UIInterfaceOrientationLandscapeRight";
				INFOPLIST_KEY_UISupportedInterfaceOrientations_iPad = "UIInterfaceOrientationPortrait UIInterfaceOrientationPortraitUpsideDown UIInterfaceOrientationLandscapeLeft UIInterfaceOrientationLandscapeRight";
				IPHONEOS_DEPLOYMENT_TARGET = 15.0;
				LD_RUNPATH_SEARCH_PATHS = (
					"$(inherited)",
					"@executable_path/Frameworks",
				);
				MARKETING_VERSION = 1.0;
				OTHER_LDFLAGS = (
					"-framework",
					SafariServices,
					"-framework",
					WebKit,
				);
				PRODUCT_BUNDLE_IDENTIFIER = "ai.aproko.livecontext.Aproko-Live-Context";
				PRODUCT_NAME = "Aproko Live Context";
				SDKROOT = iphoneos;
				SWIFT_EMIT_LOC_STRINGS = YES;
				SWIFT_VERSION = 5.0;
				TARGETED_DEVICE_FAMILY = "1,2";
			};
			name = Debug;
		};
		F769BBA130330E7F00AA0B29 /* Release */ = {
			isa = XCBuildConfiguration;
			buildSettings = {
				ASSETCATALOG_COMPILER_APPICON_NAME = AppIcon;
				ASSETCATALOG_COMPILER_GLOBAL_ACCENT_COLOR_NAME = AccentColor;
				CODE_SIGN_STYLE = Automatic;
				CURRENT_PROJECT_VERSION = 1;
				GENERATE_INFOPLIST_FILE = YES;
				INFOPLIST_FILE = "iOS (App)/Info.plist";
				INFOPLIST_KEY_CFBundleDisplayName = "Aproko Live Context";
				INFOPLIST_KEY_UIApplicationSupportsIndirectInputEvents = YES;
				INFOPLIST_KEY_UILaunchStoryboardName = LaunchScreen;
				INFOPLIST_KEY_UIMainStoryboardFile = Main;
				INFOPLIST_KEY_UISupportedInterfaceOrientations = "UIInterfaceOrientationPortrait UIInterfaceOrientationLandscapeLeft UIInterfaceOrientationLandscapeRight";
				INFOPLIST_KEY_UISupportedInterfaceOrientations_iPad = "UIInterfaceOrientationPortrait UIInterfaceOrientationPortraitUpsideDown UIInterfaceOrientationLandscapeLeft UIInterfaceOrientationLandscapeRight";
				IPHONEOS_DEPLOYMENT_TARGET = 15.0;
				LD_RUNPATH_SEARCH_PATHS = (
					"$(inherited)",
					"@executable_path/Frameworks",
				);
				MARKETING_VERSION = 1.0;
				OTHER_LDFLAGS = (
					"-framework",
					SafariServices,
					"-framework",
					WebKit,
				);
				PRODUCT_BUNDLE_IDENTIFIER = "ai.aproko.livecontext.Aproko-Live-Context";
				PRODUCT_NAME = "Aproko Live Context";
				SDKROOT = iphoneos;
				SWIFT_EMIT_LOC_STRINGS = YES;
				SWIFT_VERSION = 5.0;
				TARGETED_DEVICE_FAMILY = "1,2";
				VALIDATE_PRODUCT = YES;
			};
			name = Release;
		};
		F769BBA330330E7F00AA0B29 /* Debug */ = {
			isa = XCBuildConfiguration;
			buildSettings = {
				CODE_SIGN_ENTITLEMENTS = "macOS (Extension)/Aproko Live Context.entitlements";
				CODE_SIGN_STYLE = Automatic;
				CURRENT_PROJECT_VERSION = 1;
				ENABLE_HARDENED_RUNTIME = YES;
				GENERATE_INFOPLIST_FILE = YES;
				INFOPLIST_FILE = "macOS (Extension)/Info.plist";
				INFOPLIST_KEY_CFBundleDisplayName = "Aproko Live Context Extension";
				INFOPLIST_KEY_NSHumanReadableCopyright = "";
				LD_RUNPATH_SEARCH_PATHS = (
					"$(inherited)",
					"@executable_path/../Frameworks",
					"@executable_path/../../../../Frameworks",
				);
				MACOSX_DEPLOYMENT_TARGET = 10.14;
				MARKETING_VERSION = 1.0;
				OTHER_LDFLAGS = (
					"-framework",
					SafariServices,
				);
				PRODUCT_BUNDLE_IDENTIFIER = "ai.aproko.livecontext.Aproko-Live-Context.Extension";
				PRODUCT_NAME = "Aproko Live Context Extension";
				SDKROOT = macosx;
				SKIP_INSTALL = YES;
				SWIFT_EMIT_LOC_STRINGS = YES;
				SWIFT_VERSION = 5.0;
			};
			name = Debug;
		};
		F769BBA430330E7F00AA0B29 /* Release */ = {
			isa = XCBuildConfiguration;
			buildSettings = {
				CODE_SIGN_ENTITLEMENTS = "macOS (Extension)/Aproko Live Context.entitlements";
				CODE_SIGN_STYLE = Automatic;
				CURRENT_PROJECT_VERSION = 1;
				ENABLE_HARDENED_RUNTIME = YES;
				GENERATE_INFOPLIST_FILE = YES;
				INFOPLIST_FILE = "macOS (Extension)/Info.plist";
				INFOPLIST_KEY_CFBundleDisplayName = "Aproko Live Context Extension";
				INFOPLIST_KEY_NSHumanReadableCopyright = "";
				LD_RUNPATH_SEARCH_PATHS = (
					"$(inherited)",
					"@executable_path/../Frameworks",
					"@executable_path/../../../../Frameworks",
				);
				MACOSX_DEPLOYMENT_TARGET = 10.14;
				MARKETING_VERSION = 1.0;
				OTHER_LDFLAGS = (
					"-framework",
					SafariServices,
				);
				PRODUCT_BUNDLE_IDENTIFIER = "ai.aproko.livecontext.Aproko-Live-Context.Extension";
				PRODUCT_NAME = "Aproko Live Context Extension";
				SDKROOT = macosx;
				SKIP_INSTALL = YES;
				SWIFT_EMIT_LOC_STRINGS = YES;
				SWIFT_VERSION = 5.0;
			};
			name = Release;
		};
		F769BBA730330E7F00AA0B29 /* Debug */ = {
			isa = XCBuildConfiguration;
			buildSettings = {
				ASSETCATALOG_COMPILER_APPICON_NAME = AppIcon;
				ASSETCATALOG_COMPILER_GLOBAL_ACCENT_COLOR_NAME = AccentColor;
				CODE_SIGN_ENTITLEMENTS = "macOS (App)/Aproko Live Context.entitlements";
				CODE_SIGN_STYLE = Automatic;
				CURRENT_PROJECT_VERSION = 1;
				ENABLE_HARDENED_RUNTIME = YES;
				GENERATE_INFOPLIST_FILE = YES;
				INFOPLIST_FILE = "macOS (App)/Info.plist";
				INFOPLIST_KEY_CFBundleDisplayName = "Aproko Live Context";
				INFOPLIST_KEY_NSMainStoryboardFile = Main;
				INFOPLIST_KEY_NSPrincipalClass = NSApplication;
				LD_RUNPATH_SEARCH_PATHS = (
					"$(inherited)",
					"@executable_path/../Frameworks",
				);
				MACOSX_DEPLOYMENT_TARGET = 10.14;
				MARKETING_VERSION = 1.0;
				OTHER_LDFLAGS = (
					"-framework",
					SafariServices,
					"-framework",
					WebKit,
				);
				PRODUCT_BUNDLE_IDENTIFIER = "ai.aproko.livecontext.Aproko-Live-Context";
				PRODUCT_NAME = "Aproko Live Context";
				SDKROOT = macosx;
				SWIFT_EMIT_LOC_STRINGS = YES;
				SWIFT_VERSION = 5.0;
			};
			name = Debug;
		};
		F769BBA830330E7F00AA0B29 /* Release */ = {
			isa = XCBuildConfiguration;
			buildSettings = {
				ASSETCATALOG_COMPILER_APPICON_NAME = AppIcon;
				ASSETCATALOG_COMPILER_GLOBAL_ACCENT_COLOR_NAME = AccentColor;
				CODE_SIGN_ENTITLEMENTS = "macOS (App)/Aproko Live Context.entitlements";
				CODE_SIGN_STYLE = Automatic;
				CURRENT_PROJECT_VERSION = 1;
				ENABLE_HARDENED_RUNTIME = YES;
				GENERATE_INFOPLIST_FILE = YES;
				INFOPLIST_FILE = "macOS (App)/Info.plist";
				INFOPLIST_KEY_CFBundleDisplayName = "Aproko Live Context";
				INFOPLIST_KEY_NSMainStoryboardFile = Main;
				INFOPLIST_KEY_NSPrincipalClass = NSApplication;
				LD_RUNPATH_SEARCH_PATHS = (
					"$(inherited)",
					"@executable_path/../Frameworks",
				);
				MACOSX_DEPLOYMENT_TARGET = 10.14;
				MARKETING_VERSION = 1.0;
				OTHER_LDFLAGS = (
					"-framework",
					SafariServices,
					"-framework",
					WebKit,
				);
				PRODUCT_BUNDLE_IDENTIFIER = "ai.aproko.livecontext.Aproko-Live-Context";
				PRODUCT_NAME = "Aproko Live Context";
				SDKROOT = macosx;
				SWIFT_EMIT_LOC_STRINGS = YES;
				SWIFT_VERSION = 5.0;
			};
			name = Release;
		};
/* End XCBuildConfiguration section */

/* Begin XCConfigurationList section */
		F769BB4B30330E7A00AA0B29 /* Build configuration list for PBXProject "Aproko Live Context" */ = {
			isa = XCConfigurationList;
			buildConfigurations = (
				F769BB9930330E7F00AA0B29 /* Debug */,
				F769BB9A30330E7F00AA0B29 /* Release */,
			);
			defaultConfigurationIsVisible = 0;
			defaultConfigurationName = Release;
		};
		F769BB9B30330E7F00AA0B29 /* Build configuration list for PBXNativeTarget "Aproko Live Context Extension (iOS)" */ = {
			isa = XCConfigurationList;
			buildConfigurations = (
				F769BB9C30330E7F00AA0B29 /* Debug */,
				F769BB9D30330E7F00AA0B29 /* Release */,
			);
			defaultConfigurationIsVisible = 0;
			defaultConfigurationName = Release;
		};
		F769BB9F30330E7F00AA0B29 /* Build configuration list for PBXNativeTarget "Aproko Live Context (iOS)" */ = {
			isa = XCConfigurationList;
			buildConfigurations = (
				F769BBA030330E7F00AA0B29 /* Debug */,
				F769BBA130330E7F00AA0B29 /* Release */,
			);
			defaultConfigurationIsVisible = 0;
			defaultConfigurationName = Release;
		};
		F769BBA230330E7F00AA0B29 /* Build configuration list for PBXNativeTarget "Aproko Live Context Extension (macOS)" */ = {
			isa = XCConfigurationList;
			buildConfigurations = (
				F769BBA330330E7F00AA0B29 /* Debug */,
				F769BBA430330E7F00AA0B29 /* Release */,
			);
			defaultConfigurationIsVisible = 0;
			defaultConfigurationName = Release;
		};
		F769BBA630330E7F00AA0B29 /* Build configuration list for PBXNativeTarget "Aproko Live Context (macOS)" */ = {
			isa = XCConfigurationList;
			buildConfigurations = (
				F769BBA730330E7F00AA0B29 /* Debug */,
				F769BBA830330E7F00AA0B29 /* Release */,
			);
			defaultConfigurationIsVisible = 0;
			defaultConfigurationName = Release;
		};
/* End XCConfigurationList section */
	};
	rootObject = F769BB4830330E7A00AA0B29 /* Project object */;
}
